// !$*UTF8*$!
{
	archiveVersion = 1;
	classes = {
	};
	objectVersion = 56;
	objects = {

/* Begin PBXBuildFile section */
		4915617B2E5F4D3100153E50 /* HeaderDayCell.swift in Sources */ = {isa = PBXBuildFile; fileRef = 491561792E5F4D3100153E50 /* HeaderDayCell.swift */; };
		4915617C2E5F4D3100153E50 /* HeaderDayCell.xib in Resources */ = {isa = PBXBuildFile; fileRef = 4915617A2E5F4D3100153E50 /* HeaderDayCell.xib */; };
		4994612D2E2F4A63007AD23B /* AppDelegate.swift in Sources */ = {isa = PBXBuildFile; fileRef = 4994612C2E2F4A63007AD23B /* AppDelegate.swift */; };
		4994612F2E2F4A63007AD23B /* SceneDelegate.swift in Sources */ = {isa = PBXBuildFile; fileRef = 4994612E2E2F4A63007AD23B /* SceneDelegate.swift */; };
		499461342E2F4A63007AD23B /* Base in Resources */ = {isa = PBXBuildFile; fileRef = 499461332E2F4A63007AD23B /* Base */; };
		499461362E2F4A67007AD23B /* Assets.xcassets in Resources */ = {isa = PBXBuildFile; fileRef = 499461352E2F4A67007AD23B /* Assets.xcassets */; };
		499461392E2F4A67007AD23B /* Base in Resources */ = {isa = PBXBuildFile; fileRef = 499461382E2F4A67007AD23B /* Base */; };
		49F89F4F2E2F619400A25E5B /* ViewController2.swift in Sources */ = {isa = PBXBuildFile; fileRef = 49F89F4E2E2F619400A25E5B /* ViewController2.swift */; };
		49F89F512E2F840300A25E5B /* ViewController3.swift in Sources */ = {isa = PBXBuildFile; fileRef = 49F89F502E2F840300A25E5B /* ViewController3.swift */; };
		49F89F532E39EE4600A25E5B /* ViewController4.swift in Sources */ = {isa = PBXBuildFile; fileRef = 49F89F522E39EE4600A25E5B /* ViewController4.swift */; };
		49F89F552E3DA74100A25E5B /* koudou.swift in Sources */ = {isa = PBXBuildFile; fileRef = 49F89F542E3DA74100A25E5B /* koudou.swift */; };
		49F89F572E44566600A25E5B /* ViewController5.swift in Sources */ = {isa = PBXBuildFile; fileRef = 49F89F562E44566600A25E5B /* ViewController5.swift */; };
		49F89F5B2E4587AA00A25E5B /* ViewController6.swift in Sources */ = {isa = PBXBuildFile; fileRef = 49F89F5A2E4587AA00A25E5B /* ViewController6.swift */; };
		49F89F5E2E45C45800A25E5B /* FSCalendar in Frameworks */ = {isa = PBXBuildFile; productRef = 49F89F5D2E45C45800A25E5B /* FSCalendar */; };
		49F89F602E45CCDA00A25E5B /* ViewController1.swift in Sources */ = {isa = PBXBuildFile; fileRef = 49F89F5F2E45CCD900A25E5B /* ViewController1.swift */; };
		49F89F622E5A881400A25E5B /* ViewController0.swift in Sources */ = {isa = PBXBuildFile; fileRef = 49F89F612E5A881400A25E5B /* ViewController0.swift */; };
		49F89F6D2E5CAA9000A25E5B /* RowTitleCell.swift in Sources */ = {isa = PBXBuildFile; fileRef = 49F89F6B2E5CAA9000A25E5B /* RowTitleCell.swift */; };
		49F89F6E2E5CAA9000A25E5B /* RowTitleCell.xib in Resources */ = {isa = PBXBuildFile; fileRef = 49F89F6C2E5CAA9000A25E5B /* RowTitleCell.xib */; };
		49F89F712E5CB0B100A25E5B /* RowEditCell.swift in Sources */ = {isa = PBXBuildFile; fileRef = 49F89F6F2E5CB0B100A25E5B /* RowEditCell.swift */; };
		49F89F722E5CB0B100A25E5B /* RowEditCell.xib in Resources */ = {isa = PBXBuildFile; fileRef = 49F89F702E5CB0B100A25E5B /* RowEditCell.xib */; };
/* End PBXBuildFile section */

/* Begin PBXFileReference section */
		491561792E5F4D3100153E50 /* HeaderDayCell.swift */ = {isa = PBXFileReference; lastKnownFileType = sourcecode.swift; path = HeaderDayCell.swift; sourceTree = "<group>"; };
		4915617A2E5F4D3100153E50 /* HeaderDayCell.xib */ = {isa = PBXFileReference; lastKnownFileType = file.xib; path = HeaderDayCell.xib; sourceTree = "<group>"; };
		499461292E2F4A63007AD23B /* kaken_app.app */ = {isa = PBXFileReference; explicitFileType = wrapper.application; includeInIndex = 0; path = kaken_app.app; sourceTree = BUILT_PRODUCTS_DIR; };
		4994612C2E2F4A63007AD23B /* AppDelegate.swift */ = {isa = PBXFileReference; lastKnownFileType = sourcecode.swift; path = AppDelegate.swift; sourceTree = "<group>"; };
		4994612E2E2F4A63007AD23B /* SceneDelegate.swift */ = {isa = PBXFileReference; lastKnownFileType = sourcecode.swift; path = SceneDelegate.swift; sourceTree = "<group>"; };
		499461332E2F4A63007AD23B /* Base */ = {isa = PBXFileReference; lastKnownFileType = file.storyboard; name = Base; path = Base.lproj/Main.storyboard; sourceTree = "<group>"; };
		499461352E2F4A67007AD23B /* Assets.xcassets */ = {isa = PBXFileReference; lastKnownFileType = folder.assetcatalog; path = Assets.xcassets; sourceTree = "<group>"; };
		499461382E2F4A67007AD23B /* Base */ = {isa = PBXFileReference; lastKnownFileType = file.storyboard; name = Base; path = Base.lproj/LaunchScreen.storyboard; sourceTree = "<group>"; };
		4994613A2E2F4A67007AD23B /* Info.plist */ = {isa = PBXFileReference; lastKnownFileType = text.plist.xml; path = Info.plist; sourceTree = "<group>"; };
		49F89F4E2E2F619400A25E5B /* ViewController2.swift */ = {isa = PBXFileReference; lastKnownFileType = sourcecode.swift; path = ViewController2.swift; sourceTree = "<group>"; };
		49F89F502E2F840300A25E5B /* ViewController3.swift */ = {isa = PBXFileReference; lastKnownFileType = sourcecode.swift; path = ViewController3.swift; sourceTree = "<group>"; };
		49F89F522E39EE4600A25E5B /* ViewController4.swift */ = {isa = PBXFileReference; lastKnownFileType = sourcecode.swift; path = ViewController4.swift; sourceTree = "<group>"; };
		49F89F542E3DA74100A25E5B /* koudou.swift */ = {isa = PBXFileReference; lastKnownFileType = sourcecode.swift; path = koudou.swift; sourceTree = "<group>"; };
		49F89F562E44566600A25E5B /* ViewController5.swift */ = {isa = PBXFileReference; lastKnownFileType = sourcecode.swift; path = ViewController5.swift; sourceTree = "<group>"; };
		49F89F5A2E4587AA00A25E5B /* ViewController6.swift */ = {isa = PBXFileReference; lastKnownFileType = sourcecode.swift; path = ViewController6.swift; sourceTree = "<group>"; };
		49F89F5F2E45CCD900A25E5B /* ViewController1.swift */ = {isa = PBXFileReference; lastKnownFileType = sourcecode.swift; path = ViewController1.swift; sourceTree = "<group>"; };
		49F89F612E5A881400A25E5B /* ViewController0.swift */ = {isa = PBXFileReference; lastKnownFileType = sourcecode.swift; path = ViewController0.swift; sourceTree = "<group>"; };
		49F89F6B2E5CAA9000A25E5B /* RowTitleCell.swift */ = {isa = PBXFileReference; lastKnownFileType = sourcecode.swift; path = RowTitleCell.swift; sourceTree = "<group>"; };
		49F89F6C2E5CAA9000A25E5B /* RowTitleCell.xib */ = {isa = PBXFileReference; lastKnownFileType = file.xib; path = RowTitleCell.xib; sourceTree = "<group>"; };
		49F89F6F2E5CB0B100A25E5B /* RowEditCell.swift */ = {isa = PBXFileReference; lastKnownFileType = sourcecode.swift; path = RowEditCell.swift; sourceTree = "<group>"; };
		49F89F702E5CB0B100A25E5B /* RowEditCell.xib */ = {isa = PBXFileReference; lastKnownFileType = file.xib; path = RowEditCell.xib; sourceTree = "<group>"; };
/* End PBXFileReference section */

/* Begin PBXFrameworksBuildPhase section */
		499461262E2F4A63007AD23B /* Frameworks */ = {
			isa = PBXFrameworksBuildPhase;
			buildActionMask = 2147483647;
			files = (
				49F89F5E2E45C45800A25E5B /* FSCalendar in Frameworks */,
			);
			runOnlyForDeploymentPostprocessing = 0;
		};
/* End PBXFrameworksBuildPhase section */

/* Begin PBXGroup section */
		499461202E2F4A63007AD23B = {
			isa = PBXGroup;
			children = (
				4994612B2E2F4A63007AD23B /* kaken_app */,
				4994612A2E2F4A63007AD23B /* Products */,
			);
			sourceTree = "<group>";
		};
		4994612A2E2F4A63007AD23B /* Products */ = {
			isa = PBXGroup;
			children = (
				499461292E2F4A63007AD23B /* kaken_app.app */,
			);
			name = Products;
			sourceTree = "<group>";
		};
		4994612B2E2F4A63007AD23B /* kaken_app */ = {
			isa = PBXGroup;
			children = (
				499461322E2F4A63007AD23B /* Main.storyboard */,
				4994612C2E2F4A63007AD23B /* AppDelegate.swift */,
				4994612E2E2F4A63007AD23B /* SceneDelegate.swift */,
				49F89F612E5A881400A25E5B /* ViewController0.swift */,
				49F89F5F2E45CCD900A25E5B /* ViewController1.swift */,
				49F89F4E2E2F619400A25E5B /* ViewController2.swift */,
				49F89F502E2F840300A25E5B /* ViewController3.swift */,
				49F89F522E39EE4600A25E5B /* ViewController4.swift */,
				49F89F542E3DA74100A25E5B /* koudou.swift */,
				49F89F562E44566600A25E5B /* ViewController5.swift */,
				49F89F6C2E5CAA9000A25E5B /* RowTitleCell.xib */,
				49F89F6B2E5CAA9000A25E5B /* RowTitleCell.swift */,
				49F89F702E5CB0B100A25E5B /* RowEditCell.xib */,
				49F89F6F2E5CB0B100A25E5B /* RowEditCell.swift */,
				4915617A2E5F4D3100153E50 /* HeaderDayCell.xib */,
				491561792E5F4D3100153E50 /* HeaderDayCell.swift */,
				49F89F5A2E4587AA00A25E5B /* ViewController6.swift */,
				499461352E2F4A67007AD23B /* Assets.xcassets */,
				499461372E2F4A67007AD23B /* LaunchScreen.storyboard */,
				4994613A2E2F4A67007AD23B /* Info.plist */,
			);
			path = kaken_app;
			sourceTree = "<group>";
		};
/* End PBXGroup section */

/* Begin PBXNativeTarget section */
		499461282E2F4A63007AD23B /* kaken_app */ = {
			isa = PBXNativeTarget;
			buildConfigurationList = 4994613D2E2F4A67007AD23B /* Build configuration list for PBXNativeTarget "kaken_app" */;
			buildPhases = (
				499461252E2F4A63007AD23B /* Sources */,
				499461262E2F4A63007AD23B /* Frameworks */,
				499461272E2F4A63007AD23B /* Resources */,
			);
			buildRules = (
			);
			dependencies = (
			);
			name = kaken_app;
			packageProductDependencies = (
				49F89F5D2E45C45800A25E5B /* FSCalendar */,
			);
			productName = kaken_app;
			productReference = 499461292E2F4A63007AD23B /* kaken_app.app */;
			productType = "com.apple.product-type.application";
		};
/* End PBXNativeTarget section */

/* Begin PBXProject section */
		499461212E2F4A63007AD23B /* Project object */ = {
			isa = PBXProject;
			attributes = {
				BuildIndependentTargetsInParallel = 1;
				LastSwiftUpdateCheck = 1540;
				LastUpgradeCheck = 1540;
				TargetAttributes = {
					499461282E2F4A63007AD23B = {
						CreatedOnToolsVersion = 15.4;
					};
				};
			};
			buildConfigurationList = 499461242E2F4A63007AD23B /* Build configuration list for PBXProject "kaken_app" */;
			compatibilityVersion = "Xcode 14.0";
			developmentRegion = en;
			hasScannedForEncodings = 0;
			knownRegions = (
				en,
				Base,
			);
			mainGroup = 499461202E2F4A63007AD23B;
			packageReferences = (
				49F89F5C2E45C45800A25E5B /* XCRemoteSwiftPackageReference "FSCalendar" */,
			);
			productRefGroup = 4994612A2E2F4A63007AD23B /* Products */;
			projectDirPath = "";
			projectRoot = "";
			targets = (
				499461282E2F4A63007AD23B /* kaken_app */,
			);
		};
/* End PBXProject section */

/* Begin PBXResourcesBuildPhase section */
		499461272E2F4A63007AD23B /* Resources */ = {
			isa = PBXResourcesBuildPhase;
			buildActionMask = 2147483647;
			files = (
				499461362E2F4A67007AD23B /* Assets.xcassets in Resources */,
				4915617C2E5F4D3100153E50 /* HeaderDayCell.xib in Resources */,
				499461392E2F4A67007AD23B /* Base in Resources */,
				49F89F722E5CB0B100A25E5B /* RowEditCell.xib in Resources */,
				499461342E2F4A63007AD23B /* Base in Resources */,
				49F89F6E2E5CAA9000A25E5B /* RowTitleCell.xib in Resources */,
			);
			runOnlyForDeploymentPostprocessing = 0;
		};
/* End PBXResourcesBuildPhase section */

/* Begin PBXSourcesBuildPhase section */
		499461252E2F4A63007AD23B /* Sources */ = {
			isa = PBXSourcesBuildPhase;
			buildActionMask = 2147483647;
			files = (
				49F89F602E45CCDA00A25E5B /* ViewController1.swift in Sources */,
				49F89F622E5A881400A25E5B /* ViewController0.swift in Sources */,
				49F89F712E5CB0B100A25E5B /* RowEditCell.swift in Sources */,
				49F89F512E2F840300A25E5B /* ViewController3.swift in Sources */,
				49F89F532E39EE4600A25E5B /* ViewController4.swift in Sources */,
				49F89F4F2E2F619400A25E5B /* ViewController2.swift in Sources */,
				49F89F572E44566600A25E5B /* ViewController5.swift in Sources */,
				49F89F6D2E5CAA9000A25E5B /* RowTitleCell.swift in Sources */,
				4994612D2E2F4A63007AD23B /* AppDelegate.swift in Sources */,
				4915617B2E5F4D3100153E50 /* HeaderDayCell.swift in Sources */,
				49F89F5B2E4587AA00A25E5B /* ViewController6.swift in Sources */,
				49F89F552E3DA74100A25E5B /* koudou.swift in Sources */,
				4994612F2E2F4A63007AD23B /* SceneDelegate.swift in Sources */,
			);
			runOnlyForDeploymentPostprocessing = 0;
		};
/* End PBXSourcesBuildPhase section */

/* Begin PBXVariantGroup section */
		499461322E2F4A63007AD23B /* Main.storyboard */ = {
			isa = PBXVariantGroup;
			children = (
				499461332E2F4A63007AD23B /* Base */,
			);
			name = Main.storyboard;
			sourceTree = "<group>";
		};
		499461372E2F4A67007AD23B /* LaunchScreen.storyboard */ = {
			isa = PBXVariantGroup;
			children = (
				499461382E2F4A67007AD23B /* Base */,
			);
			name = LaunchScreen.storyboard;
			sourceTree = "<group>";
		};
/* End PBXVariantGroup section */

/* Begin XCBuildConfiguration section */
		4994613B2E2F4A67007AD23B /* Debug */ = {
			isa = XCBuildConfiguration;
			buildSettings = {
				ALWAYS_SEARCH_USER_PATHS = NO;
				ASSETCATALOG_COMPILER_GENERATE_SWIFT_ASSET_SYMBOL_EXTENSIONS = YES;
				CLANG_ANALYZER_NONNULL = YES;
				CLANG_ANALYZER_NUMBER_OBJECT_CONVERSION = YES_AGGRESSIVE;
				CLANG_CXX_LANGUAGE_STANDARD = "gnu++20";
				CLANG_ENABLE_MODULES = YES;
				CLANG_ENABLE_OBJC_ARC = YES;
				CLANG_ENABLE_OBJC_WEAK = YES;
				CLANG_WARN_BLOCK_CAPTURE_AUTORELEASING = YES;
				CLANG_WARN_BOOL_CONVERSION = YES;
				CLANG_WARN_COMMA = YES;
				CLANG_WARN_CONSTANT_CONVERSION = YES;
				CLANG_WARN_DEPRECATED_OBJC_IMPLEMENTATIONS = YES;
				CLANG_WARN_DIRECT_OBJC_ISA_USAGE = YES_ERROR;
				CLANG_WARN_DOCUMENTATION_COMMENTS = YES;
				CLANG_WARN_EMPTY_BODY = YES;
				CLANG_WARN_ENUM_CONVERSION = YES;
				CLANG_WARN_INFINITE_RECURSION = YES;
				CLANG_WARN_INT_CONVERSION = YES;
				CLANG_WARN_NON_LITERAL_NULL_CONVERSION = YES;
				CLANG_WARN_OBJC_IMPLICIT_RETAIN_SELF = YES;
				CLANG_WARN_OBJC_LITERAL_CONVERSION = YES;
				CLANG_WARN_OBJC_ROOT_CLASS = YES_ERROR;
				CLANG_WARN_QUOTED_INCLUDE_IN_FRAMEWORK_HEADER = YES;
				CLANG_WARN_RANGE_LOOP_ANALYSIS = YES;
				CLANG_WARN_STRICT_PROTOTYPES = YES;
				CLANG_WARN_SUSPICIOUS_MOVE = YES;
				CLANG_WARN_UNGUARDED_AVAILABILITY = YES_AGGRESSIVE;
				CLANG_WARN_UNREACHABLE_CODE = YES;
				CLANG_WARN__DUPLICATE_METHOD_MATCH = YES;
				COPY_PHASE_STRIP = NO;
				DEBUG_INFORMATION_FORMAT = dwarf;
				ENABLE_STRICT_OBJC_MSGSEND = YES;
				ENABLE_TESTABILITY = YES;
				ENABLE_USER_SCRIPT_SANDBOXING = YES;
				GCC_C_LANGUAGE_STANDARD = gnu17;
				GCC_DYNAMIC_NO_PIC = NO;
				GCC_NO_COMMON_BLOCKS = YES;
				GCC_OPTIMIZATION_LEVEL = 0;
				GCC_PREPROCESSOR_DEFINITIONS = (
					"DEBUG=1",
					"$(inherited)",
				);
				GCC_WARN_64_TO_32_BIT_CONVERSION = YES;
				GCC_WARN_ABOUT_RETURN_TYPE = YES_ERROR;
				GCC_WARN_UNDECLARED_SELECTOR = YES;
				GCC_WARN_UNINITIALIZED_AUTOS = YES_AGGRESSIVE;
				GCC_WARN_UNUSED_FUNCTION = YES;
				GCC_WARN_UNUSED_VARIABLE = YES;
				IPHONEOS_DEPLOYMENT_TARGET = 17.5;
				LOCALIZATION_PREFERS_STRING_CATALOGS = YES;
				MTL_ENABLE_DEBUG_INFO = INCLUDE_SOURCE;
				MTL_FAST_MATH = YES;
				ONLY_ACTIVE_ARCH = YES;
				SDKROOT = iphoneos;
				SWIFT_ACTIVE_COMPILATION_CONDITIONS = "DEBUG $(inherited)";
				SWIFT_OPTIMIZATION_LEVEL = "-Onone";
			};
			name = Debug;
		};
		4994613C2E2F4A67007AD23B /* Release */ = {
			isa = XCBuildConfiguration;
			buildSettings = {
				ALWAYS_SEARCH_USER_PATHS = NO;
				ASSETCATALOG_COMPILER_GENERATE_SWIFT_ASSET_SYMBOL_EXTENSIONS = YES;
				CLANG_ANALYZER_NONNULL = YES;
				CLANG_ANALYZER_NUMBER_OBJECT_CONVERSION = YES_AGGRESSIVE;
				CLANG_CXX_LANGUAGE_STANDARD = "gnu++20";
				CLANG_ENABLE_MODULES = YES;
				CLANG_ENABLE_OBJC_ARC = YES;
				CLANG_ENABLE_OBJC_WEAK = YES;
				CLANG_WARN_BLOCK_CAPTURE_AUTORELEASING = YES;
				CLANG_WARN_BOOL_CONVERSION = YES;
				CLANG_WARN_COMMA = YES;
				CLANG_WARN_CONSTANT_CONVERSION = YES;
				CLANG_WARN_DEPRECATED_OBJC_IMPLEMENTATIONS = YES;
				CLANG_WARN_DIRECT_OBJC_ISA_USAGE = YES_ERROR;
				CLANG_WARN_DOCUMENTATION_COMMENTS = YES;
				CLANG_WARN_EMPTY_BODY = YES;
				CLANG_WARN_ENUM_CONVERSION = YES;
				CLANG_WARN_INFINITE_RECURSION = YES;
				CLANG_WARN_INT_CONVERSION = YES;
				CLANG_WARN_NON_LITERAL_NULL_CONVERSION = YES;
				CLANG_WARN_OBJC_IMPLICIT_RETAIN_SELF = YES;
				CLANG_WARN_OBJC_LITERAL_CONVERSION = YES;
				CLANG_WARN_OBJC_ROOT_CLASS = YES_ERROR;
				CLANG_WARN_QUOTED_INCLUDE_IN_FRAMEWORK_HEADER = YES;
				CLANG_WARN_RANGE_LOOP_ANALYSIS = YES;
				CLANG_WARN_STRICT_PROTOTYPES = YES;
				CLANG_WARN_SUSPICIOUS_MOVE = YES;
				CLANG_WARN_UNGUARDED_AVAILABILITY = YES_AGGRESSIVE;
				CLANG_WARN_UNREACHABLE_CODE = YES;
				CLANG_WARN__DUPLICATE_METHOD_MATCH = YES;
				COPY_PHASE_STRIP = NO;
				DEBUG_INFORMATION_FORMAT = "dwarf-with-dsym";
				ENABLE_NS_ASSERTIONS = NO;
				ENABLE_STRICT_OBJC_MSGSEND = YES;
				ENABLE_USER_SCRIPT_SANDBOXING = YES;
				GCC_C_LANGUAGE_STANDARD = gnu17;
				GCC_NO_COMMON_BLOCKS = YES;
				GCC_WARN_64_TO_32_BIT_CONVERSION = YES;
				GCC_WARN_ABOUT_RETURN_TYPE = YES_ERROR;
				GCC_WARN_UNDECLARED_SELECTOR = YES;
				GCC_WARN_UNINITIALIZED_AUTOS = YES_AGGRESSIVE;
				GCC_WARN_UNUSED_FUNCTION = YES;
				GCC_WARN_UNUSED_VARIABLE = YES;
				IPHONEOS_DEPLOYMENT_TARGET = 17.5;
				LOCALIZATION_PREFERS_STRING_CATALOGS = YES;
				MTL_ENABLE_DEBUG_INFO = NO;
				MTL_FAST_MATH = YES;
				SDKROOT = iphoneos;
				SWIFT_COMPILATION_MODE = wholemodule;
				VALIDATE_PRODUCT = YES;
			};
			name = Release;
		};
		4994613E2E2F4A67007AD23B /* Debug */ = {
			isa = XCBuildConfiguration;
			buildSettings = {
				ASSETCATALOG_COMPILER_APPICON_NAME = AppIcon;
				ASSETCATALOG_COMPILER_GLOBAL_ACCENT_COLOR_NAME = AccentColor;
				CODE_SIGN_STYLE = Automatic;
				CURRENT_PROJECT_VERSION = 1;
				DEVELOPMENT_TEAM = YTV5LKKW5Q;
				GENERATE_INFOPLIST_FILE = YES;
				INFOPLIST_FILE = kaken_app/Info.plist;
				INFOPLIST_KEY_UIApplicationSupportsIndirectInputEvents = YES;
				INFOPLIST_KEY_UILaunchStoryboardName = LaunchScreen;
				INFOPLIST_KEY_UIMainStoryboardFile = Main;
				INFOPLIST_KEY_UISupportedInterfaceOrientations_iPad = "UIInterfaceOrientationPortrait UIInterfaceOrientationPortraitUpsideDown UIInterfaceOrientationLandscapeLeft UIInterfaceOrientationLandscapeRight";
				INFOPLIST_KEY_UISupportedInterfaceOrientations_iPhone = "UIInterfaceOrientationPortrait UIInterfaceOrientationLandscapeLeft UIInterfaceOrientationLandscapeRight";
				LD_RUNPATH_SEARCH_PATHS = (
					"$(inherited)",
					"@executable_path/Frameworks",
				);
				MARKETING_VERSION = 1.0;
				PRODUCT_BUNDLE_IDENTIFIER = "com.haru-t.kaken-app";
				PRODUCT_NAME = "$(TARGET_NAME)";
				SWIFT_EMIT_LOC_STRINGS = YES;
				SWIFT_VERSION = 5.0;
				TARGETED_DEVICE_FAMILY = "1,2";
			};
			name = Debug;
		};
		4994613F2E2F4A67007AD23B /* Release */ = {
			isa = XCBuildConfiguration;
			buildSettings = {
				ASSETCATALOG_COMPILER_APPICON_NAME = AppIcon;
				ASSETCATALOG_COMPILER_GLOBAL_ACCENT_COLOR_NAME = AccentColor;
				CODE_SIGN_STYLE = Automatic;
				CURRENT_PROJECT_VERSION = 1;
				DEVELOPMENT_TEAM = YTV5LKKW5Q;
				GENERATE_INFOPLIST_FILE = YES;
				INFOPLIST_FILE = kaken_app/Info.plist;
				INFOPLIST_KEY_UIApplicationSupportsIndirectInputEvents = YES;
				INFOPLIST_KEY_UILaunchStoryboardName = LaunchScreen;
				INFOPLIST_KEY_UIMainStoryboardFile = Main;
				INFOPLIST_KEY_UISupportedInterfaceOrientations_iPad = "UIInterfaceOrientationPortrait UIInterfaceOrientationPortraitUpsideDown UIInterfaceOrientationLandscapeLeft UIInterfaceOrientationLandscapeRight";
				INFOPLIST_KEY_UISupportedInterfaceOrientations_iPhone = "UIInterfaceOrientationPortrait UIInterfaceOrientationLandscapeLeft UIInterfaceOrientationLandscapeRight";
				LD_RUNPATH_SEARCH_PATHS = (
					"$(inherited)",
					"@executable_path/Frameworks",
				);
				MARKETING_VERSION = 1.0;
				PRODUCT_BUNDLE_IDENTIFIER = "com.haru-t.kaken-app";
				PRODUCT_NAME = "$(TARGET_NAME)";
				SWIFT_EMIT_LOC_STRINGS = YES;
				SWIFT_VERSION = 5.0;
				TARGETED_DEVICE_FAMILY = "1,2";
			};
			name = Release;
		};
/* End XCBuildConfiguration section */

/* Begin XCConfigurationList section */
		499461242E2F4A63007AD23B /* Build configuration list for PBXProject "kaken_app" */ = {
			isa = XCConfigurationList;
			buildConfigurations = (
				4994613B2E2F4A67007AD23B /* Debug */,
				4994613C2E2F4A67007AD23B /* Release */,
			);
			defaultConfigurationIsVisible = 0;
			defaultConfigurationName = Release;
		};
		4994613D2E2F4A67007AD23B /* Build configuration list for PBXNativeTarget "kaken_app" */ = {
			isa = XCConfigurationList;
			buildConfigurations = (
				4994613E2E2F4A67007AD23B /* Debug */,
				4994613F2E2F4A67007AD23B /* Release */,
			);
			defaultConfigurationIsVisible = 0;
			defaultConfigurationName = Release;
		};
/* End XCConfigurationList section */

/* Begin XCRemoteSwiftPackageReference section */
		49F89F5C2E45C45800A25E5B /* XCRemoteSwiftPackageReference "FSCalendar" */ = {
			isa = XCRemoteSwiftPackageReference;
			repositoryURL = "https://github.com/WenchaoD/FSCalendar";
			requirement = {
				kind = upToNextMajorVersion;
				minimumVersion = 2.8.4;
			};
		};
/* End XCRemoteSwiftPackageReference section */

/* Begin XCSwiftPackageProductDependency section */
		49F89F5D2E45C45800A25E5B /* FSCalendar */ = {
			isa = XCSwiftPackageProductDependency;
			package = 49F89F5C2E45C45800A25E5B /* XCRemoteSwiftPackageReference "FSCalendar" */;
			productName = FSCalendar;
		};
/* End XCSwiftPackageProductDependency section */
	};
	rootObject = 499461212E2F4A63007AD23B /* Project object */;
}
